<?xml version="1.0" encoding="utf-8"?>
<Project ToolsVersion="4.0" xmlns="http://schemas.microsoft.com/developer/msbuild/2003">
  <ItemGroup>
    <Filter Include="dependencies">
      <UniqueIdentifier>{259164c5-c1d7-4192-b1aa-a4c22499ff2e}</UniqueIdentifier>
    </Filter>
    <Filter Include="dependencies\epsilon">
      <UniqueIdentifier>{4fb985ce-12a3-4134-a828-c66faf50866f}</UniqueIdentifier>
    </Filter>
    <Filter Include="code">
      <UniqueIdentifier>{6a3adcef-6b3f-45ff-8bf5-521465669018}</UniqueIdentifier>
    </Filter>
  </ItemGroup>
  <ItemGroup>
    <ClCompile Include="..\dependencies\epsilon\src\2dtypes.cpp">
      <Filter>dependencies\epsilon</Filter>
    </ClCompile>
    <ClCompile Include="..\dependencies\epsilon\src\3dtypes.cpp">
      <Filter>dependencies\epsilon</Filter>
    </ClCompile>
    <ClCompile Include="main.cpp">
      <Filter>code</Filter>
    </ClCompile>
  </ItemGroup>
</Project>