<?xml version="1.0" encoding="utf-8"?>
<Project ToolsVersion="4.0" xmlns="http://schemas.microsoft.com/developer/msbuild/2003">
  <ItemGroup>
    <Filter Include="dependencies">
      <UniqueIdentifier>{259164c5-c1d7-4192-b1aa-a4c22499ff2e}</UniqueIdentifier>
    </Filter>
    <Filter Include="dependencies\epsilon">
      <UniqueIdentifier>{4fb985ce-12a3-4134-a828-c66faf50866f}</UniqueIdentifier>
    </Filter>
    <Filter Include="code">
      <UniqueIdentifier>{6a3adcef-6b3f-45ff-8bf5-521465669018}</UniqueIdentifier>
    </Filter>
    <Filter Include="dependencies\utilities">
      <UniqueIdentifier>{14fd5d48-b6ec-40c6-be33-06351a9d9e50}</UniqueIdentifier>
    </Filter>
    <Filter Include="code\fitmethods">
      <UniqueIdentifier>{c95af285-5456-48f1-9612-794ca5d45f6d}</UniqueIdentifier>
    </Filter>
    <Filter Include="code\buildmethods">
      <UniqueIdentifier>{11e5fc34-6e91-4453-b4c1-1184608c2718}</UniqueIdentifier>
    </Filter>
  </ItemGroup>
  <ItemGroup>
    <ClCompile Include="..\dependencies\epsilon\src\2dtypes.cpp">
      <Filter>dependencies\epsilon</Filter>
    </ClCompile>
    <ClCompile Include="..\dependencies\epsilon\src\3dtypes.cpp">
      <Filter>dependencies\epsilon</Filter>
    </ClCompile>
    <ClCompile Include="main.cpp">
      <Filter>code</Filter>
    </ClCompile>
    <ClCompile Include="..\gpugi\utilities\logger.cpp">
      <Filter>dependencies\utilities</Filter>
    </ClCompile>
    <ClCompile Include="..\gpugi\utilities\pathutils.cpp">
      <Filter>dependencies\utilities</Filter>
    </ClCompile>
    <ClCompile Include="..\gpugi\utilities\policy.cpp">
      <Filter>dependencies\utilities</Filter>
    </ClCompile>
    <ClCompile Include="..\gpugi\utilities\assert.cpp">
      <Filter>dependencies\utilities</Filter>
    </ClCompile>
    <ClCompile Include="bvhbuilder.cpp">
      <Filter>code</Filter>
    </ClCompile>
    <ClCompile Include="fitmethods\aaboxfit.cpp">
      <Filter>code\fitmethods</Filter>
    </ClCompile>
    <ClCompile Include="buildmethods\kdtree.cpp">
      <Filter>code\buildmethods</Filter>
    </ClCompile>
  </ItemGroup>
  <ItemGroup>
    <ClInclude Include="bvhmake.hpp">
      <Filter>code</Filter>
    </ClInclude>
    <ClInclude Include="..\gpugi\utilities\assert.hpp">
      <Filter>dependencies\utilities</Filter>
    </ClInclude>
    <ClInclude Include="..\gpugi\utilities\logger.hpp">
      <Filter>dependencies\utilities</Filter>
    </ClInclude>
    <ClInclude Include="..\gpugi\utilities\loggerinit.hpp">
      <Filter>dependencies\utilities</Filter>
    </ClInclude>
    <ClInclude Include="..\gpugi\utilities\pathutils.hpp">
      <Filter>dependencies\utilities</Filter>
    </ClInclude>
    <ClInclude Include="..\gpugi\utilities\policy.hpp">
      <Filter>dependencies\utilities</Filter>
    </ClInclude>
    <ClInclude Include="..\gpugi\utilities\utils.hpp">
      <Filter>dependencies\utilities</Filter>
    </ClInclude>
    <ClInclude Include="filedef.hpp">
      <Filter>code</Filter>
    </ClInclude>
    <ClInclude Include="fitmethods\aaboxfit.hpp">
      <Filter>code\fitmethods</Filter>
    </ClInclude>
    <ClInclude Include="buildmethods\kdtree.hpp">
      <Filter>code\buildmethods</Filter>
    </ClInclude>
  </ItemGroup>
</Project>