<?xml version="1.0" encoding="utf-8"?>
<Project ToolsVersion="4.0" xmlns="http://schemas.microsoft.com/developer/msbuild/2003">
  <ItemGroup>
    <Filter Include="shader">
      <UniqueIdentifier>{b5f2c126-87f8-4df9-8a63-f77de37cddd9}</UniqueIdentifier>
    </Filter>
    <Filter Include="code">
      <UniqueIdentifier>{afd5e741-7caa-473a-953e-5fc961e47d38}</UniqueIdentifier>
    </Filter>
    <Filter Include="Time">
      <UniqueIdentifier>{6b3b9bda-4975-40b0-b9e3-7fa3c9c04b0d}</UniqueIdentifier>
    </Filter>
    <Filter Include="code\glhelper">
      <UniqueIdentifier>{9cb5bc7d-6439-4ab4-93eb-2d7a4e7036fb}</UniqueIdentifier>
    </Filter>
    <Filter Include="code\utilities">
      <UniqueIdentifier>{9f118de0-8de1-4757-83d0-fab722550b2d}</UniqueIdentifier>
    </Filter>
    <Filter Include="Time\Implementation">
      <UniqueIdentifier>{fa51355f-b8cd-49d3-a6bb-b5fa09c8a900}</UniqueIdentifier>
    </Filter>
    <Filter Include="code\renderer">
      <UniqueIdentifier>{3c591337-e4bd-4812-bb53-d068cf234a04}</UniqueIdentifier>
    </Filter>
  </ItemGroup>
  <ItemGroup>
    <ClCompile Include="outputwindow.cpp">
      <Filter>code</Filter>
    </ClCompile>
    <ClCompile Include="main.cpp">
      <Filter>code</Filter>
    </ClCompile>
    <ClCompile Include="utilities\pathutils.cpp">
      <Filter>code\utilities</Filter>
    </ClCompile>
    <ClCompile Include="utilities\policy.cpp">
      <Filter>code\utilities</Filter>
    </ClCompile>
    <ClCompile Include="utilities\assert.cpp">
      <Filter>code\utilities</Filter>
    </ClCompile>
    <ClCompile Include="utilities\logger.cpp">
      <Filter>code\utilities</Filter>
    </ClCompile>
    <ClCompile Include="glhelper\uniformbuffer.cpp">
      <Filter>code\glhelper</Filter>
    </ClCompile>
    <ClCompile Include="glhelper\shaderobject.cpp">
      <Filter>code\glhelper</Filter>
    </ClCompile>
    <ClCompile Include="glhelper\gl.cpp">
      <Filter>code\glhelper</Filter>
    </ClCompile>
    <ClCompile Include="Time\Implementation\Time.cpp">
      <Filter>Time\Implementation</Filter>
    </ClCompile>
    <ClCompile Include="Time\Implementation\Stopwatch.cpp">
      <Filter>Time\Implementation</Filter>
    </ClCompile>
    <ClCompile Include="glhelper\texture2d.cpp">
      <Filter>code\glhelper</Filter>
    </ClCompile>
    <ClCompile Include="glhelper\texture.cpp">
      <Filter>code\glhelper</Filter>
    </ClCompile>
    <ClCompile Include="glhelper\screenalignedtriangle.cpp">
      <Filter>code\glhelper</Filter>
    </ClCompile>
    <ClCompile Include="glhelper\textureformats.cpp">
      <Filter>code\glhelper</Filter>
    </ClCompile>
    <ClCompile Include="renderer\renderer.cpp">
      <Filter>code\renderer</Filter>
    </ClCompile>
    <ClCompile Include="renderer\testrenderer.cpp">
      <Filter>code\renderer</Filter>
    </ClCompile>
  </ItemGroup>
  <ItemGroup>
    <ClInclude Include="utilities\loggerinit.hpp">
      <Filter>code\utilities</Filter>
    </ClInclude>
    <ClInclude Include="utilities\pathutils.hpp">
      <Filter>code\utilities</Filter>
    </ClInclude>
    <ClInclude Include="utilities\policy.hpp">
      <Filter>code\utilities</Filter>
    </ClInclude>
    <ClInclude Include="utilities\assert.hpp">
      <Filter>code\utilities</Filter>
    </ClInclude>
    <ClInclude Include="utilities\logger.hpp">
      <Filter>code\utilities</Filter>
    </ClInclude>
    <ClInclude Include="glhelper\gl.hpp">
      <Filter>code\glhelper</Filter>
    </ClInclude>
    <ClInclude Include="outputwindow.hpp">
      <Filter>code</Filter>
    </ClInclude>
    <ClInclude Include="utilities\utils.hpp">
      <Filter>code\utilities</Filter>
    </ClInclude>
    <ClInclude Include="glhelper\uniformbuffer.hpp">
      <Filter>code\glhelper</Filter>
    </ClInclude>
    <ClInclude Include="glhelper\shaderobject.hpp">
      <Filter>code\glhelper</Filter>
    </ClInclude>
    <ClInclude Include="glhelper\shaderdatametainfo.hpp">
      <Filter>code\glhelper</Filter>
    </ClInclude>
    <ClInclude Include="Time\Implementation\Time_inl.h">
      <Filter>Time\Implementation</Filter>
    </ClInclude>
    <ClInclude Include="Time\Stopwatch.h">
      <Filter>Time</Filter>
    </ClInclude>
    <ClInclude Include="Time\Time.h">
      <Filter>Time</Filter>
    </ClInclude>
    <ClInclude Include="glhelper\texture2d.hpp">
      <Filter>code\glhelper</Filter>
    </ClInclude>
    <ClInclude Include="glhelper\texture.hpp">
      <Filter>code\glhelper</Filter>
    </ClInclude>
    <ClInclude Include="glhelper\screenalignedtriangle.hpp">
      <Filter>code\glhelper</Filter>
    </ClInclude>
    <ClInclude Include="glhelper\textureformats.hpp">
      <Filter>code\glhelper</Filter>
    </ClInclude>
    <ClInclude Include="renderer\renderer.hpp">
      <Filter>code\renderer</Filter>
    </ClInclude>
    <ClInclude Include="renderer\testrenderer.hpp">
      <Filter>code\renderer</Filter>
    </ClInclude>
  </ItemGroup>
  <ItemGroup>
    <None Include="glhelper\uniformbuffer.inl">
      <Filter>code\glhelper</Filter>
    </None>
    <None Include="glhelper\shaderdatametainfo.inl">
      <Filter>code\glhelper</Filter>
    </None>
    <None Include="shader\screenTri.vert">
      <Filter>shader</Filter>
    </None>
    <None Include="shader\displayHDR.frag">
      <Filter>shader</Filter>
    </None>
  </ItemGroup>
</Project>