<?xml version="1.0" encoding="utf-8"?>
<Project ToolsVersion="4.0" xmlns="http://schemas.microsoft.com/developer/msbuild/2003">
  <ItemGroup>
    <Filter Include="shader">
      <UniqueIdentifier>{b5f2c126-87f8-4df9-8a63-f77de37cddd9}</UniqueIdentifier>
    </Filter>
    <Filter Include="code">
      <UniqueIdentifier>{afd5e741-7caa-473a-953e-5fc961e47d38}</UniqueIdentifier>
    </Filter>
    <Filter Include="code\glhelper">
      <UniqueIdentifier>{9cb5bc7d-6439-4ab4-93eb-2d7a4e7036fb}</UniqueIdentifier>
    </Filter>
    <Filter Include="code\utilities">
      <UniqueIdentifier>{9f118de0-8de1-4757-83d0-fab722550b2d}</UniqueIdentifier>
    </Filter>
    <Filter Include="code\renderer">
      <UniqueIdentifier>{3c591337-e4bd-4812-bb53-d068cf234a04}</UniqueIdentifier>
    </Filter>
    <Filter Include="code\control">
      <UniqueIdentifier>{cb1085d0-eb6e-4c94-bd75-c8176594fb0a}</UniqueIdentifier>
    </Filter>
    <Filter Include="code\Time">
      <UniqueIdentifier>{6b3b9bda-4975-40b0-b9e3-7fa3c9c04b0d}</UniqueIdentifier>
    </Filter>
    <Filter Include="code\Time\Implementation">
      <UniqueIdentifier>{fa51355f-b8cd-49d3-a6bb-b5fa09c8a900}</UniqueIdentifier>
    </Filter>
    <Filter Include="dependencies">
      <UniqueIdentifier>{03447250-2658-4642-91b4-20f5cfcf64ff}</UniqueIdentifier>
    </Filter>
    <Filter Include="dependencies\epsilon">
      <UniqueIdentifier>{3d03f8ce-bcac-4cbf-86e3-0b7e78850445}</UniqueIdentifier>
    </Filter>
    <Filter Include="code\camera">
      <UniqueIdentifier>{60abc877-8356-4a3f-a333-196109efe798}</UniqueIdentifier>
    </Filter>
    <Filter Include="code\scene">
      <UniqueIdentifier>{289e5674-bac3-4417-8232-271f81b14537}</UniqueIdentifier>
    </Filter>
  </ItemGroup>
  <ItemGroup>
    <ClCompile Include="outputwindow.cpp">
      <Filter>code</Filter>
    </ClCompile>
    <ClCompile Include="main.cpp">
      <Filter>code</Filter>
    </ClCompile>
    <ClCompile Include="utilities\pathutils.cpp">
      <Filter>code\utilities</Filter>
    </ClCompile>
    <ClCompile Include="utilities\policy.cpp">
      <Filter>code\utilities</Filter>
    </ClCompile>
    <ClCompile Include="utilities\assert.cpp">
      <Filter>code\utilities</Filter>
    </ClCompile>
    <ClCompile Include="utilities\logger.cpp">
      <Filter>code\utilities</Filter>
    </ClCompile>
    <ClCompile Include="glhelper\uniformbuffer.cpp">
      <Filter>code\glhelper</Filter>
    </ClCompile>
    <ClCompile Include="glhelper\shaderobject.cpp">
      <Filter>code\glhelper</Filter>
    </ClCompile>
    <ClCompile Include="glhelper\gl.cpp">
      <Filter>code\glhelper</Filter>
    </ClCompile>
    <ClCompile Include="Time\Implementation\Time.cpp">
      <Filter>code\Time\Implementation</Filter>
    </ClCompile>
    <ClCompile Include="Time\Implementation\Stopwatch.cpp">
      <Filter>code\Time\Implementation</Filter>
    </ClCompile>
    <ClCompile Include="glhelper\texture2d.cpp">
      <Filter>code\glhelper</Filter>
    </ClCompile>
    <ClCompile Include="glhelper\texture.cpp">
      <Filter>code\glhelper</Filter>
    </ClCompile>
    <ClCompile Include="glhelper\screenalignedtriangle.cpp">
      <Filter>code\glhelper</Filter>
    </ClCompile>
    <ClCompile Include="glhelper\textureformats.cpp">
      <Filter>code\glhelper</Filter>
    </ClCompile>
    <ClCompile Include="renderer\renderer.cpp">
      <Filter>code\renderer</Filter>
    </ClCompile>
    <ClCompile Include="renderer\testrenderer.cpp">
      <Filter>code\renderer</Filter>
    </ClCompile>
    <ClCompile Include="control\scriptprocessing.cpp">
      <Filter>code\control</Filter>
    </ClCompile>
    <ClCompile Include="control\globalconfig.cpp">
      <Filter>code\control</Filter>
    </ClCompile>
    <ClCompile Include="..\dependencies\epsilon\src\2dtypes.cpp">
      <Filter>dependencies\epsilon</Filter>
    </ClCompile>
    <ClCompile Include="..\dependencies\epsilon\src\3dtypes.cpp">
      <Filter>dependencies\epsilon</Filter>
    </ClCompile>
    <ClCompile Include="hdrimage.cpp">
      <Filter>code</Filter>
    </ClCompile>
    <ClCompile Include="camera\interactivecamera.cpp">
      <Filter>code\camera</Filter>
    </ClCompile>
    <ClCompile Include="camera\camera.cpp">
      <Filter>code\camera</Filter>
    </ClCompile>
    <ClCompile Include="renderer\referencerenderer.cpp">
      <Filter>code\renderer</Filter>
    </ClCompile>
    <ClCompile Include="utilities\random.cpp">
      <Filter>code\utilities</Filter>
    </ClCompile>
    <ClCompile Include="glhelper\samplerobject.cpp">
      <Filter>code\glhelper</Filter>
    </ClCompile>
    <ClCompile Include="scene\scene.cpp">
      <Filter>code\scene</Filter>
    </ClCompile>
    <ClCompile Include="glhelper\buffer.cpp">
      <Filter>code\glhelper</Filter>
    </ClCompile>
    <ClCompile Include="glhelper\texturebuffer.cpp">
      <Filter>code\glhelper</Filter>
    </ClCompile>
    <ClCompile Include="glhelper\framebufferobject.cpp">
      <Filter>code\glhelper</Filter>
    </ClCompile>
    <ClCompile Include="glhelper\shaderstoragebuffer.cpp">
      <Filter>code\glhelper</Filter>
    </ClCompile>
    <ClCompile Include="utilities\color.cpp">
      <Filter>code\utilities</Filter>
    </ClCompile>
    <ClCompile Include="scene\lighttrianglesampler.cpp">
      <Filter>code\scene</Filter>
    </ClCompile>
  </ItemGroup>
  <ItemGroup>
    <ClInclude Include="utilities\loggerinit.hpp">
      <Filter>code\utilities</Filter>
    </ClInclude>
    <ClInclude Include="utilities\pathutils.hpp">
      <Filter>code\utilities</Filter>
    </ClInclude>
    <ClInclude Include="utilities\policy.hpp">
      <Filter>code\utilities</Filter>
    </ClInclude>
    <ClInclude Include="utilities\assert.hpp">
      <Filter>code\utilities</Filter>
    </ClInclude>
    <ClInclude Include="utilities\logger.hpp">
      <Filter>code\utilities</Filter>
    </ClInclude>
    <ClInclude Include="glhelper\gl.hpp">
      <Filter>code\glhelper</Filter>
    </ClInclude>
    <ClInclude Include="outputwindow.hpp">
      <Filter>code</Filter>
    </ClInclude>
    <ClInclude Include="utilities\utils.hpp">
      <Filter>code\utilities</Filter>
    </ClInclude>
    <ClInclude Include="glhelper\uniformbuffer.hpp">
      <Filter>code\glhelper</Filter>
    </ClInclude>
    <ClInclude Include="glhelper\shaderobject.hpp">
      <Filter>code\glhelper</Filter>
    </ClInclude>
    <ClInclude Include="glhelper\shaderdatametainfo.hpp">
      <Filter>code\glhelper</Filter>
    </ClInclude>
    <ClInclude Include="Time\Implementation\Time_inl.h">
      <Filter>code\Time\Implementation</Filter>
    </ClInclude>
    <ClInclude Include="Time\Stopwatch.h">
      <Filter>code\Time</Filter>
    </ClInclude>
    <ClInclude Include="Time\Time.h">
      <Filter>code\Time</Filter>
    </ClInclude>
    <ClInclude Include="glhelper\texture2d.hpp">
      <Filter>code\glhelper</Filter>
    </ClInclude>
    <ClInclude Include="glhelper\texture.hpp">
      <Filter>code\glhelper</Filter>
    </ClInclude>
    <ClInclude Include="glhelper\screenalignedtriangle.hpp">
      <Filter>code\glhelper</Filter>
    </ClInclude>
    <ClInclude Include="glhelper\textureformats.hpp">
      <Filter>code\glhelper</Filter>
    </ClInclude>
    <ClInclude Include="renderer\renderer.hpp">
      <Filter>code\renderer</Filter>
    </ClInclude>
    <ClInclude Include="renderer\testrenderer.hpp">
      <Filter>code\renderer</Filter>
    </ClInclude>
    <ClInclude Include="control\scriptprocessing.hpp">
      <Filter>code\control</Filter>
    </ClInclude>
    <ClInclude Include="control\globalconfig.hpp">
      <Filter>code\control</Filter>
    </ClInclude>
    <ClInclude Include="hdrimage.hpp">
      <Filter>code</Filter>
    </ClInclude>
    <ClInclude Include="camera\interactivecamera.hpp">
      <Filter>code\camera</Filter>
    </ClInclude>
    <ClInclude Include="camera\camera.hpp">
      <Filter>code\camera</Filter>
    </ClInclude>
    <ClInclude Include="renderer\referencerenderer.hpp">
      <Filter>code\renderer</Filter>
    </ClInclude>
    <ClInclude Include="utilities\random.hpp">
      <Filter>code\utilities</Filter>
    </ClInclude>
    <ClInclude Include="glhelper\samplerobject.hpp">
      <Filter>code\glhelper</Filter>
    </ClInclude>
    <ClInclude Include="scene\scene.hpp">
      <Filter>code\scene</Filter>
    </ClInclude>
    <ClInclude Include="glhelper\buffer.hpp">
      <Filter>code\glhelper</Filter>
    </ClInclude>
    <ClInclude Include="glhelper\texturebuffer.hpp">
      <Filter>code\glhelper</Filter>
    </ClInclude>
    <ClInclude Include="utilities\flagoperators.hpp">
      <Filter>code\utilities</Filter>
    </ClInclude>
    <ClInclude Include="utilities\variant.hpp">
      <Filter>code\utilities</Filter>
    </ClInclude>
    <ClInclude Include="glhelper\framebufferobject.hpp">
      <Filter>code\glhelper</Filter>
    </ClInclude>
    <ClInclude Include="glhelper\shaderstoragebuffer.hpp">
      <Filter>code\glhelper</Filter>
    </ClInclude>
    <ClInclude Include="utilities\color.hpp">
      <Filter>code\utilities</Filter>
    </ClInclude>
    <ClInclude Include="scene\lighttrianglesampler.hpp">
      <Filter>code\scene</Filter>
    </ClInclude>
  </ItemGroup>
  <ItemGroup>
    <None Include="glhelper\uniformbuffer.inl">
      <Filter>code\glhelper</Filter>
    </None>
    <None Include="glhelper\shaderdatametainfo.inl">
      <Filter>code\glhelper</Filter>
    </None>
    <None Include="shader\globaluniforms.glsl">
      <Filter>shader</Filter>
    </None>
    <None Include="shader\helper.glsl">
      <Filter>shader</Filter>
    </None>
    <None Include="shader\intersectiontests.glsl">
      <Filter>shader</Filter>
    </None>
    <None Include="shader\materials.glsl">
      <Filter>shader</Filter>
    </None>
    <None Include="shader\pathtracer.comp">
      <Filter>shader</Filter>
    </None>
    <None Include="shader\random.glsl">
      <Filter>shader</Filter>
    </None>
    <None Include="shader\scenedata.glsl">
      <Filter>shader</Filter>
    </None>
    <None Include="shader\screenTri.vert">
      <Filter>shader</Filter>
    </None>
    <None Include="shader\testcompute.comp">
      <Filter>shader</Filter>
    </None>
    <None Include="shader\testraytrace.glsl">
      <Filter>shader</Filter>
    </None>
    <None Include="shader\displayHDR.frag">
      <Filter>shader</Filter>
    </None>
    <None Include="shader\traceray.glsl">
      <Filter>shader</Filter>
    </None>
  </ItemGroup>
</Project>